[[package]]
name = "atomicwrites"
version = "1.4.0"
description = "Atomic file writes."
category = "dev"
optional = false
python-versions = ">=2.7, !=3.0.*, !=3.1.*, !=3.2.*, !=3.3.*"

[[package]]
name = "attrs"
version = "20.3.0"
description = "Classes Without Boilerplate"
category = "dev"
optional = false
python-versions = ">=2.7, !=3.0.*, !=3.1.*, !=3.2.*, !=3.3.*"

[package.extras]
dev = ["coverage[toml] (>=5.0.2)", "hypothesis", "pympler", "pytest (>=4.3.0)", "six", "zope.interface", "furo", "sphinx", "pre-commit"]
docs = ["furo", "sphinx", "zope.interface"]
tests = ["coverage[toml] (>=5.0.2)", "hypothesis", "pympler", "pytest (>=4.3.0)", "six", "zope.interface"]
tests_no_zope = ["coverage[toml] (>=5.0.2)", "hypothesis", "pympler", "pytest (>=4.3.0)", "six"]

[[package]]
name = "autopep8"
version = "1.5.7"
description = "A tool that automatically formats Python code to conform to the PEP 8 style guide"
category = "dev"
optional = false
python-versions = "*"

[package.dependencies]
pycodestyle = ">=2.7.0"
toml = "*"

[[package]]
name = "colorama"
version = "0.4.4"
description = "Cross-platform colored terminal text."
category = "dev"
optional = false
python-versions = ">=2.7, !=3.0.*, !=3.1.*, !=3.2.*, !=3.3.*, !=3.4.*"

[[package]]
name = "more-itertools"
version = "8.7.0"
description = "More routines for operating on iterables, beyond itertools"
category = "dev"
optional = false
python-versions = ">=3.5"

[[package]]
name = "packaging"
version = "20.9"
description = "Core utilities for Python packages"
category = "dev"
optional = false
python-versions = ">=2.7, !=3.0.*, !=3.1.*, !=3.2.*, !=3.3.*"

[package.dependencies]
pyparsing = ">=2.0.2"

[[package]]
name = "pluggy"
version = "0.13.1"
description = "plugin and hook calling mechanisms for python"
category = "dev"
optional = false
python-versions = ">=2.7, !=3.0.*, !=3.1.*, !=3.2.*, !=3.3.*"

[package.extras]
dev = ["pre-commit", "tox"]

[[package]]
name = "py"
version = "1.10.0"
description = "library with cross-python path, ini-parsing, io, code, log facilities"
category = "dev"
optional = false
python-versions = ">=2.7, !=3.0.*, !=3.1.*, !=3.2.*, !=3.3.*"

[[package]]
name = "pyaudio"
version = "0.2.11"
description = "Bindings for PortAudio v19, the cross-platform audio input/output stream library."
category = "main"
optional = false
python-versions = "*"

[[package]]
name = "pycodestyle"
version = "2.7.0"
description = "Python style guide checker"
category = "dev"
optional = false
python-versions = ">=2.7, !=3.0.*, !=3.1.*, !=3.2.*, !=3.3.*"

[[package]]
name = "pyparsing"
version = "2.4.7"
description = "Python parsing module"
category = "dev"
optional = false
python-versions = ">=2.6, !=3.0.*, !=3.1.*, !=3.2.*"

[[package]]
name = "pytest"
version = "5.4.3"
description = "pytest: simple powerful testing with Python"
category = "dev"
optional = false
python-versions = ">=3.5"

[package.dependencies]
atomicwrites = {version = ">=1.0", markers = "sys_platform == \"win32\""}
attrs = ">=17.4.0"
colorama = {version = "*", markers = "sys_platform == \"win32\""}
more-itertools = ">=4.0.0"
packaging = "*"
pluggy = ">=0.12,<1.0"
py = ">=1.5.0"
wcwidth = "*"

[package.extras]
checkqa-mypy = ["mypy (==v0.761)"]
testing = ["argcomplete", "hypothesis (>=3.56)", "mock", "nose", "requests", "xmlschema"]

[[package]]
name = "toml"
version = "0.10.2"
description = "Python Library for Tom's Obvious, Minimal Language"
category = "dev"
optional = false
python-versions = ">=2.6, !=3.0.*, !=3.1.*, !=3.2.*"

[[package]]
name = "wasmer"
version = "1.0.0"
description = "Python extension to run WebAssembly binaries"
category = "main"
optional = false
python-versions = "*"

[[package]]
name = "wasmer-compiler-cranelift"
version = "1.0.0"
description = "The Cranelift compiler for the `wasmer` package (to compile WebAssembly module)"
category = "main"
optional = false
python-versions = "*"

[[package]]
name = "wcwidth"
version = "0.2.5"
description = "Measures the displayed width of unicode strings in a terminal"
category = "dev"
optional = false
python-versions = "*"

[metadata]
lock-version = "1.1"
python-versions = "^3.8"
content-hash = "ad231b1baba5993ae85b16106334e87c40bfb8a5dbeddb049884e5f449f3c2d3"

[metadata.files]
atomicwrites = [
    {file = "atomicwrites-1.4.0-py2.py3-none-any.whl", hash = "sha256:6d1784dea7c0c8d4a5172b6c620f40b6e4cbfdf96d783691f2e1302a7b88e197"},
    {file = "atomicwrites-1.4.0.tar.gz", hash = "sha256:ae70396ad1a434f9c7046fd2dd196fc04b12f9e91ffb859164193be8b6168a7a"},
]
attrs = [
    {file = "attrs-20.3.0-py2.py3-none-any.whl", hash = "sha256:31b2eced602aa8423c2aea9c76a724617ed67cf9513173fd3a4f03e3a929c7e6"},
    {file = "attrs-20.3.0.tar.gz", hash = "sha256:832aa3cde19744e49938b91fea06d69ecb9e649c93ba974535d08ad92164f700"},
]
autopep8 = [
    {file = "autopep8-1.5.7-py2.py3-none-any.whl", hash = "sha256:aa213493c30dcdac99537249ee65b24af0b2c29f2e83cd8b3f68760441ed0db9"},
    {file = "autopep8-1.5.7.tar.gz", hash = "sha256:276ced7e9e3cb22e5d7c14748384a5cf5d9002257c0ed50c0e075b68011bb6d0"},
]
colorama = [
    {file = "colorama-0.4.4-py2.py3-none-any.whl", hash = "sha256:9f47eda37229f68eee03b24b9748937c7dc3868f906e8ba69fbcbdd3bc5dc3e2"},
    {file = "colorama-0.4.4.tar.gz", hash = "sha256:5941b2b48a20143d2267e95b1c2a7603ce057ee39fd88e7329b0c292aa16869b"},
]
more-itertools = [
    {file = "more-itertools-8.7.0.tar.gz", hash = "sha256:c5d6da9ca3ff65220c3bfd2a8db06d698f05d4d2b9be57e1deb2be5a45019713"},
    {file = "more_itertools-8.7.0-py3-none-any.whl", hash = "sha256:5652a9ac72209ed7df8d9c15daf4e1aa0e3d2ccd3c87f8265a0673cd9cbc9ced"},
]
packaging = [
    {file = "packaging-20.9-py2.py3-none-any.whl", hash = "sha256:67714da7f7bc052e064859c05c595155bd1ee9f69f76557e21f051443c20947a"},
    {file = "packaging-20.9.tar.gz", hash = "sha256:5b327ac1320dc863dca72f4514ecc086f31186744b84a230374cc1fd776feae5"},
]
pluggy = [
    {file = "pluggy-0.13.1-py2.py3-none-any.whl", hash = "sha256:966c145cd83c96502c3c3868f50408687b38434af77734af1e9ca461a4081d2d"},
    {file = "pluggy-0.13.1.tar.gz", hash = "sha256:15b2acde666561e1298d71b523007ed7364de07029219b604cf808bfa1c765b0"},
]
py = [
    {file = "py-1.10.0-py2.py3-none-any.whl", hash = "sha256:3b80836aa6d1feeaa108e046da6423ab8f6ceda6468545ae8d02d9d58d18818a"},
    {file = "py-1.10.0.tar.gz", hash = "sha256:21b81bda15b66ef5e1a777a21c4dcd9c20ad3efd0b3f817e7a809035269e1bd3"},
]
pyaudio = [
    {file = "PyAudio-0.2.11-cp27-cp27m-win32.whl", hash = "sha256:f78d543a98b730e64621ebf7f3e2868a79ade0a373882ef51c0293455ffa8e6e"},
    {file = "PyAudio-0.2.11-cp27-cp27m-win_amd64.whl", hash = "sha256:259bb9c1363be895b4f9a97e320a6017dd06bc540728c1a04eb4a7b6fe75035b"},
    {file = "PyAudio-0.2.11-cp34-cp34m-win32.whl", hash = "sha256:0d92f6a294565260a282f7c9a0b0d309fc8cc988b5ee5b50645634ab9e2da7f7"},
    {file = "PyAudio-0.2.11-cp34-cp34m-win_amd64.whl", hash = "sha256:589bfad2c615dd4b5d3757e763019c42ab82f06fba5cae64ec02fd7f5ae407ed"},
    {file = "PyAudio-0.2.11-cp35-cp35m-win32.whl", hash = "sha256:8f89075b4844ea94dde0c951c2937581c989fabd4df09bfd3f075035f50955df"},
    {file = "PyAudio-0.2.11-cp35-cp35m-win_amd64.whl", hash = "sha256:cf1543ba50bd44ac0d0ab5c035bb9c3127eb76047ff12235149d9adf86f532b6"},
    {file = "PyAudio-0.2.11-cp36-cp36m-win32.whl", hash = "sha256:51b558d1b28c68437b53218279110db44f69f3f5dd3d81859f569a4a96962bdc"},
    {file = "PyAudio-0.2.11-cp36-cp36m-win_amd64.whl", hash = "sha256:2a19bdb8ec1445b4f3e4b7b109e0e4cec1fd1f1ce588592aeb6db0b58d4fb3b0"},
    {file = "PyAudio-0.2.11.tar.gz", hash = "sha256:93bfde30e0b64e63a46f2fd77e85c41fd51182a4a3413d9edfaf9ffaa26efb74"},
]
pycodestyle = [
    {file = "pycodestyle-2.7.0-py2.py3-none-any.whl", hash = "sha256:514f76d918fcc0b55c6680472f0a37970994e07bbb80725808c17089be302068"},
    {file = "pycodestyle-2.7.0.tar.gz", hash = "sha256:c389c1d06bf7904078ca03399a4816f974a1d590090fecea0c63ec26ebaf1cef"},
]
pyparsing = [
    {file = "pyparsing-2.4.7-py2.py3-none-any.whl", hash = "sha256:ef9d7589ef3c200abe66653d3f1ab1033c3c419ae9b9bdb1240a85b024efc88b"},
    {file = "pyparsing-2.4.7.tar.gz", hash = "sha256:c203ec8783bf771a155b207279b9bccb8dea02d8f0c9e5f8ead507bc3246ecc1"},
]
pytest = [
    {file = "pytest-5.4.3-py3-none-any.whl", hash = "sha256:5c0db86b698e8f170ba4582a492248919255fcd4c79b1ee64ace34301fb589a1"},
    {file = "pytest-5.4.3.tar.gz", hash = "sha256:7979331bfcba207414f5e1263b5a0f8f521d0f457318836a7355531ed1a4c7d8"},
]
toml = [
    {file = "toml-0.10.2-py2.py3-none-any.whl", hash = "sha256:806143ae5bfb6a3c6e736a764057db0e6a0e05e338b5630894a5f779cabb4f9b"},
    {file = "toml-0.10.2.tar.gz", hash = "sha256:b3bda1d108d5dd99f4a20d24d9c348e91c4db7ab1b749200bded2f839ccbe68f"},
]
wasmer = [
    {file = "wasmer-1.0.0-cp36-cp36m-macosx_10_7_x86_64.whl", hash = "sha256:0d755a93184380f9785e1f8269b070f4a4a3285ae0f7f9571cfaf2ea215b102d"},
    {file = "wasmer-1.0.0-cp36-cp36m-manylinux2010_x86_64.whl", hash = "sha256:6b41046db73facc064cb9649627d9cdd1b88ada74e745134e44e09ada6827056"},
    {file = "wasmer-1.0.0-cp36-none-win_amd64.whl", hash = "sha256:d77b169079183c131d398c57dfc36e5cc4b34ae2543878ac2056e858f040c099"},
    {file = "wasmer-1.0.0-cp37-cp37m-macosx_10_7_x86_64.whl", hash = "sha256:e2ecd788140468d2d489fc92537b47e2baf4ffdec00fe41f055715d261e4988b"},
    {file = "wasmer-1.0.0-cp37-cp37m-manylinux2010_x86_64.whl", hash = "sha256:dd6c5ab2c41e9fd31442483ac7adc81d886cc3242d604dc3c895df257aa7dbe2"},
    {file = "wasmer-1.0.0-cp37-none-win_amd64.whl", hash = "sha256:15b355fed4ebe9d912a7fe236391aac591cc64c7647e14e517c2a6f451a83914"},
    {file = "wasmer-1.0.0-cp38-cp38-macosx_10_7_x86_64.whl", hash = "sha256:11e73026cb7e9a948b86324bd573cafe4d7be91f65ff45b1dc67485044348754"},
    {file = "wasmer-1.0.0-cp38-cp38-manylinux2010_x86_64.whl", hash = "sha256:a08be93aff695ce3be871994f726716b68bef36bd583bccad75778359cd273df"},
    {file = "wasmer-1.0.0-cp38-none-win_amd64.whl", hash = "sha256:8b13214b5dcc84d43f4c44e2309442497f19137561afada7f34babad89365355"},
    {file = "wasmer-1.0.0-cp39-cp39-macosx_10_7_x86_64.whl", hash = "sha256:1fada13fb536f44e12d7c98c557f5b7a55df94389d3cb90964193dcc8e16f0fa"},
    {file = "wasmer-1.0.0-cp39-cp39-manylinux2010_x86_64.whl", hash = "sha256:04e5d51eed336be0e1bf1445aa032fc34466b77220c26732b8990df872f29e92"},
    {file = "wasmer-1.0.0-cp39-none-win_amd64.whl", hash = "sha256:690c5ed46a98e91bc638f52a25e5011c5baa1ef0581f414018eb7aa0e7f844bc"},
    {file = "wasmer-1.0.0-py3-none-any.whl", hash = "sha256:427e9c5e5301a453a09b8b9ceb8c793d85411b8f45e54c9c0d801566dd8d214e"},
]
wasmer-compiler-cranelift = [
    {file = "wasmer_compiler_cranelift-1.0.0-cp36-cp36m-macosx_10_7_x86_64.whl", hash = "sha256:764a51e363db28da1b4aaf3ac0aac42125d0f6af38ffdeb2a9d5aa534e500677"},
    {file = "wasmer_compiler_cranelift-1.0.0-cp36-cp36m-manylinux2010_x86_64.whl", hash = "sha256:456d525fa1bd420c738684a89afcc298f5013f8a1f637a80e16ef5a3ee2782c0"},
    {file = "wasmer_compiler_cranelift-1.0.0-cp36-none-win_amd64.whl", hash = "sha256:24f97e00e2a4261e242857dc7438737f88f7e0b5d2d024e5b96ad5e20f3ea19c"},
    {file = "wasmer_compiler_cranelift-1.0.0-cp37-cp37m-macosx_10_7_x86_64.whl", hash = "sha256:56384961fb0f853ead5b2947b95c45a029a0eb203588bfc5386a27ebeab3f13f"},
    {file = "wasmer_compiler_cranelift-1.0.0-cp37-cp37m-manylinux2010_x86_64.whl", hash = "sha256:cd7812d1688b9b5f8ed9fe57831cf167baec5c7e070576f4be1f73ab2ec4f49d"},
    {file = "wasmer_compiler_cranelift-1.0.0-cp37-none-win_amd64.whl", hash = "sha256:d795b0bfdc5c034d9bd61eb5c94e1caca8e0205bf17540bf81e993897385afd6"},
    {file = "wasmer_compiler_cranelift-1.0.0-cp38-cp38-macosx_10_7_x86_64.whl", hash = "sha256:413cb45eb8f40c3b09c7cee75a10f025bb85ca408be865c5fbcb86766d5e318d"},
    {file = "wasmer_compiler_cranelift-1.0.0-cp38-cp38-manylinux2010_x86_64.whl", hash = "sha256:8e9c63f1275d674ab0aba1bb64620d0e2ec79efad96259759fa79d01f951f639"},
    {file = "wasmer_compiler_cranelift-1.0.0-cp38-none-win_amd64.whl", hash = "sha256:23a4f338f4d972e5273173c370d349222de7f332bc945754dbfeff91ece9927f"},
    {file = "wasmer_compiler_cranelift-1.0.0-cp39-cp39-macosx_10_7_x86_64.whl", hash = "sha256:8d3355eb8ccdb742c31fde104c5f6dff772d27f22712d898a22bef1ced302cfd"},
    {file = "wasmer_compiler_cranelift-1.0.0-cp39-cp39-manylinux2010_x86_64.whl", hash = "sha256:4b15a38b0a22c921ea112a50bdc86ca7a302ed2fd082e57a5c409781b960fbba"},
    {file = "wasmer_compiler_cranelift-1.0.0-cp39-none-win_amd64.whl", hash = "sha256:dab69907c3b358ad538846af3f6e9f04ed8a88b40eb63ad434a1098b2c62ee2d"},
]
wcwidth = [
    {file = "wcwidth-0.2.5-py2.py3-none-any.whl", hash = "sha256:beb4802a9cebb9144e99086eff703a642a13d6a0052920003a230f3294bbe784"},
    {file = "wcwidth-0.2.5.tar.gz", hash = "sha256:c4d647b99872929fdb7bdcaa4fbe7f01413ed3d98077df798530e5b04f116c83"},
]
